<?xml version="1.0" encoding="utf-8"?>
<Project ToolsVersion="4.0" xmlns="http://schemas.microsoft.com/developer/msbuild/2003">
  <ItemGroup>
    <Filter Include="Source Files">
      <UniqueIdentifier>{33168712-fbf4-4676-8f7b-1aa9c6a70199}</UniqueIdentifier>
      <Extensions>cpp;c;cxx;rc;def;r;odl;idl;hpj;bat;for;f90</Extensions>
    </Filter>
    <Filter Include="Header Files">
      <UniqueIdentifier>{4aaf7fdf-683f-4612-9dff-b711f13964bb}</UniqueIdentifier>
      <Extensions>h;hpp;hxx;hm;inl;fi;fd</Extensions>
    </Filter>
    <Filter Include="Header Files\Shared">
      <UniqueIdentifier>{4acd6700-71cf-470d-b3e1-a86b2777ea56}</UniqueIdentifier>
    </Filter>
    <Filter Include="Source Files\Shared">
      <UniqueIdentifier>{d49fe2ba-3c55-4131-85e8-48c9d9abf30e}</UniqueIdentifier>
    </Filter>
    <Filter Include="Source Files\common">
      <UniqueIdentifier>{483365eb-62b1-4c4e-a45c-1d6d09b692f2}</UniqueIdentifier>
    </Filter>
    <Filter Include="Source Files\_root">
      <UniqueIdentifier>{f657d12e-018f-4268-9e8a-c876760a67d5}</UniqueIdentifier>
    </Filter>
    <Filter Include="Source Files\entity">
      <UniqueIdentifier>{5a8304bf-dfe7-4f06-94be-ccc74c3e6479}</UniqueIdentifier>
    </Filter>
    <Filter Include="Source Files\weapon">
      <UniqueIdentifier>{789306b8-e630-4e82-9720-fba62c809dbb}</UniqueIdentifier>
    </Filter>
    <Filter Include="Header Files\entity">
      <UniqueIdentifier>{b2e216a7-e637-4603-8bd0-b9ba17b7e4db}</UniqueIdentifier>
    </Filter>
    <Filter Include="Header Files\weapon">
      <UniqueIdentifier>{2e7f0ffe-387b-4e5e-a246-e61e9d517a2d}</UniqueIdentifier>
    </Filter>
    <Filter Include="Header Files\_root">
      <UniqueIdentifier>{4a9d4d91-e65d-4584-94cc-e0b672134825}</UniqueIdentifier>
    </Filter>
    <Filter Include="Header Files\common">
      <UniqueIdentifier>{1f02fb59-9501-4ec4-84cd-b9abdd808c76}</UniqueIdentifier>
    </Filter>
  </ItemGroup>
  <ItemGroup>
    <ClCompile Include="util_model.cpp">
      <Filter>Source Files</Filter>
    </ClCompile>
    <ClCompile Include="cbase.cpp">
      <Filter>Source Files</Filter>
    </ClCompile>
    <ClCompile Include="client.cpp">
      <Filter>Source Files</Filter>
    </ClCompile>
    <ClCompile Include="combat.cpp">
      <Filter>Source Files</Filter>
    </ClCompile>
    <ClCompile Include="defaultai.cpp">
      <Filter>Source Files</Filter>
    </ClCompile>
    <ClCompile Include="entity\effects.cpp">
      <Filter>Source Files</Filter>
    </ClCompile>
    <ClCompile Include="game.cpp">
      <Filter>Source Files</Filter>
    </ClCompile>
    <ClCompile Include="gamerules.cpp">
      <Filter>Source Files</Filter>
    </ClCompile>
    <ClCompile Include="globals.cpp">
      <Filter>Source Files</Filter>
    </ClCompile>
    <ClCompile Include="h_export.cpp">
      <Filter>Source Files</Filter>
    </ClCompile>
    <ClCompile Include="monsterstate.cpp">
      <Filter>Source Files</Filter>
    </ClCompile>
    <ClCompile Include="plane.cpp">
      <Filter>Source Files</Filter>
    </ClCompile>
    <ClCompile Include="..\pm_shared\pm_debug.c">
      <Filter>Source Files</Filter>
    </ClCompile>
    <ClCompile Include="..\pm_shared\pm_math.c">
      <Filter>Source Files</Filter>
    </ClCompile>
    <ClCompile Include="..\pm_shared\pm_shared.c">
      <Filter>Source Files</Filter>
    </ClCompile>
    <ClCompile Include="schedule.cpp">
      <Filter>Source Files</Filter>
    </ClCompile>
    <ClCompile Include="skill.cpp">
      <Filter>Source Files</Filter>
    </ClCompile>
    <ClCompile Include="util.cpp">
      <Filter>Source Files</Filter>
    </ClCompile>
    <ClCompile Include="weapons.cpp">
      <Filter>Source Files</Filter>
    </ClCompile>
    <ClCompile Include="..\game_shared\util\util_printout.cpp">
      <Filter>Source Files\Shared</Filter>
    </ClCompile>
    <ClCompile Include="..\game_shared\util\util_shared.cpp">
      <Filter>Source Files\Shared</Filter>
    </ClCompile>
    <ClCompile Include="client_message.cpp">
      <Filter>Source Files</Filter>
    </ClCompile>
    <ClCompile Include="decals.cpp">
      <Filter>Source Files</Filter>
    </ClCompile>
    <ClCompile Include="basemonster.cpp">
      <Filter>Source Files</Filter>
    </ClCompile>
    <ClCompile Include="healthmodule.cpp">
      <Filter>Source Files</Filter>
    </ClCompile>
    <ClCompile Include="..\game_shared\util\util_entity.cpp">
      <Filter>Source Files\Shared</Filter>
    </ClCompile>
    <ClCompile Include="util_debugdraw.cpp">
      <Filter>Source Files</Filter>
    </ClCompile>
    <ClCompile Include="..\pm_shared\pm_printout.c">
      <Filter>Source Files</Filter>
    </ClCompile>
    <ClCompile Include="..\game_shared\util\util_version.cpp">
      <Filter>Source Files\Shared</Filter>
    </ClCompile>
    <ClCompile Include="..\common\vector.cpp">
      <Filter>Source Files\common</Filter>
    </ClCompile>
    <ClCompile Include="..\external_lib_include.cpp">
      <Filter>Source Files\_root</Filter>
    </ClCompile>
    <ClCompile Include="..\game_shared\voice_gamemgr.cpp">
      <Filter>Source Files\Shared</Filter>
    </ClCompile>
    <ClCompile Include="monstersavestate.cpp">
      <Filter>Source Files</Filter>
    </ClCompile>
    <ClCompile Include="gamerules_multiplay.cpp">
      <Filter>Source Files</Filter>
    </ClCompile>
    <ClCompile Include="gamerules_singleplay.cpp">
      <Filter>Source Files</Filter>
    </ClCompile>
    <ClCompile Include="gamerules_teamplay.cpp">
      <Filter>Source Files</Filter>
    </ClCompile>
    <ClCompile Include="entity\aflock.cpp">
      <Filter>Source Files\entity</Filter>
    </ClCompile>
    <ClCompile Include="entity\agrunt.cpp">
      <Filter>Source Files\entity</Filter>
    </ClCompile>
    <ClCompile Include="entity\airtank.cpp">
      <Filter>Source Files\entity</Filter>
    </ClCompile>
    <ClCompile Include="entity\animating.cpp">
      <Filter>Source Files\entity</Filter>
    </ClCompile>
    <ClCompile Include="entity\apache.cpp">
      <Filter>Source Files\entity</Filter>
    </ClCompile>
    <ClCompile Include="entity\archer.cpp">
      <Filter>Source Files\entity</Filter>
    </ClCompile>
    <ClCompile Include="entity\archer_ball.cpp">
      <Filter>Source Files\entity</Filter>
    </ClCompile>
    <ClCompile Include="entity\barnacle.cpp">
      <Filter>Source Files\entity</Filter>
    </ClCompile>
    <ClCompile Include="entity\barney.cpp">
      <Filter>Source Files\entity</Filter>
    </ClCompile>
    <ClCompile Include="entity\bigmomma.cpp">
      <Filter>Source Files\entity</Filter>
    </ClCompile>
    <ClCompile Include="entity\bmodels.cpp">
      <Filter>Source Files\entity</Filter>
    </ClCompile>
    <ClCompile Include="entity\bullsquid.cpp">
      <Filter>Source Files\entity</Filter>
    </ClCompile>
    <ClCompile Include="entity\buttons.cpp">
      <Filter>Source Files\entity</Filter>
    </ClCompile>
    <ClCompile Include="entity\chumtoad.cpp">
      <Filter>Source Files\entity</Filter>
    </ClCompile>
    <ClCompile Include="weapon\chumtoadweapon.cpp">
      <Filter>Source Files\weapon</Filter>
    </ClCompile>
    <ClCompile Include="entity\controller_zap_ball.cpp">
      <Filter>Source Files\entity</Filter>
    </ClCompile>
    <ClCompile Include="entity\controller_head_ball.cpp">
      <Filter>Source Files\entity</Filter>
    </ClCompile>
    <ClCompile Include="entity\crossbowbolt.cpp">
      <Filter>Source Files\entity</Filter>
    </ClCompile>
    <ClCompile Include="entity\controller.cpp">
      <Filter>Source Files\entity</Filter>
    </ClCompile>
    <ClCompile Include="entity\doors.cpp">
      <Filter>Source Files\entity</Filter>
    </ClCompile>
    <ClCompile Include="entity\explode.cpp">
      <Filter>Source Files\entity</Filter>
    </ClCompile>
    <ClCompile Include="entity\floater.cpp">
      <Filter>Source Files\entity</Filter>
    </ClCompile>
    <ClCompile Include="entity\flyingmonster.cpp">
      <Filter>Source Files\entity</Filter>
    </ClCompile>
    <ClCompile Include="entity\friendly.cpp">
      <Filter>Source Files\entity</Filter>
    </ClCompile>
    <ClCompile Include="entity\func_break.cpp">
      <Filter>Source Files\entity</Filter>
    </ClCompile>
    <ClCompile Include="entity\func_door_health.cpp">
      <Filter>Source Files\entity</Filter>
    </ClCompile>
    <ClCompile Include="entity\func_tank.cpp">
      <Filter>Source Files\entity</Filter>
    </ClCompile>
    <ClCompile Include="entity\gargantua.cpp">
      <Filter>Source Files\entity</Filter>
    </ClCompile>
    <ClCompile Include="entity\genericmonster.cpp">
      <Filter>Source Files\entity</Filter>
    </ClCompile>
    <ClCompile Include="entity\ggrenade.cpp">
      <Filter>Source Files\entity</Filter>
    </ClCompile>
    <ClCompile Include="entity\gib.cpp">
      <Filter>Source Files\entity</Filter>
    </ClCompile>
    <ClCompile Include="entity\gman.cpp">
      <Filter>Source Files\entity</Filter>
    </ClCompile>
    <ClCompile Include="entity\h_battery.cpp">
      <Filter>Source Files\entity</Filter>
    </ClCompile>
    <ClCompile Include="entity\h_cine.cpp">
      <Filter>Source Files\entity</Filter>
    </ClCompile>
    <ClCompile Include="entity\h_cycler.cpp">
      <Filter>Source Files\entity</Filter>
    </ClCompile>
    <ClCompile Include="entity\hassassin.cpp">
      <Filter>Source Files\entity</Filter>
    </ClCompile>
    <ClCompile Include="entity\hassault.cpp">
      <Filter>Source Files\entity</Filter>
    </ClCompile>
    <ClCompile Include="entity\headcrab.cpp">
      <Filter>Source Files\entity</Filter>
    </ClCompile>
    <ClCompile Include="entity\healthkit.cpp">
      <Filter>Source Files\entity</Filter>
    </ClCompile>
    <ClCompile Include="entity\hgrunt.cpp">
      <Filter>Source Files\entity</Filter>
    </ClCompile>
    <ClCompile Include="entity\hornet.cpp">
      <Filter>Source Files\entity</Filter>
    </ClCompile>
    <ClCompile Include="entity\hornet_kingpin.cpp">
      <Filter>Source Files\entity</Filter>
    </ClCompile>
    <ClCompile Include="entity\zombie.cpp">
      <Filter>Source Files\entity</Filter>
    </ClCompile>
    <ClCompile Include="entity\xen.cpp">
      <Filter>Source Files\entity</Filter>
    </ClCompile>
    <ClCompile Include="entity\world.cpp">
      <Filter>Source Files\entity</Filter>
    </ClCompile>
    <ClCompile Include="entity\turret.cpp">
      <Filter>Source Files\entity</Filter>
    </ClCompile>
    <ClCompile Include="entity\triggers.cpp">
      <Filter>Source Files\entity</Filter>
    </ClCompile>
    <ClCompile Include="entity\tentacle.cpp">
      <Filter>Source Files\entity</Filter>
    </ClCompile>
    <ClCompile Include="entity\talkmonster.cpp">
      <Filter>Source Files\entity</Filter>
    </ClCompile>
    <ClCompile Include="entity\subs.cpp">
      <Filter>Source Files\entity</Filter>
    </ClCompile>
    <ClCompile Include="entity\stukabat.cpp">
      <Filter>Source Files\entity</Filter>
    </ClCompile>
    <ClCompile Include="entity\squidspit.cpp">
      <Filter>Source Files\entity</Filter>
    </ClCompile>
    <ClCompile Include="entity\squadmonster.cpp">
      <Filter>Source Files\entity</Filter>
    </ClCompile>
    <ClCompile Include="entity\spectator.cpp">
      <Filter>Source Files\entity</Filter>
    </ClCompile>
    <ClCompile Include="entity\soundent.cpp">
      <Filter>Source Files\entity</Filter>
    </ClCompile>
    <ClCompile Include="entity\sound.cpp">
      <Filter>Source Files\entity</Filter>
    </ClCompile>
    <ClCompile Include="entity\scripted.cpp">
      <Filter>Source Files\entity</Filter>
    </ClCompile>
    <ClCompile Include="entity\scientist.cpp">
      <Filter>Source Files\entity</Filter>
    </ClCompile>
    <ClCompile Include="entity\roach.cpp">
      <Filter>Source Files\entity</Filter>
    </ClCompile>
    <ClCompile Include="entity\rat.cpp">
      <Filter>Source Files\entity</Filter>
    </ClCompile>
    <ClCompile Include="entity\player.cpp">
      <Filter>Source Files\entity</Filter>
    </ClCompile>
    <ClCompile Include="entity\plats.cpp">
      <Filter>Source Files\entity</Filter>
    </ClCompile>
    <ClCompile Include="entity\pickupwalker.cpp">
      <Filter>Source Files\entity</Filter>
    </ClCompile>
    <ClCompile Include="entity\pathcorner.cpp">
      <Filter>Source Files\entity</Filter>
    </ClCompile>
    <ClCompile Include="entity\panthereye.cpp">
      <Filter>Source Files\entity</Filter>
    </ClCompile>
    <ClCompile Include="entity\osprey.cpp">
      <Filter>Source Files\entity</Filter>
    </ClCompile>
    <ClCompile Include="entity\nodes.cpp">
      <Filter>Source Files\entity</Filter>
    </ClCompile>
    <ClCompile Include="entity\nihilanth.cpp">
      <Filter>Source Files\entity</Filter>
    </ClCompile>
    <ClCompile Include="entity\mortar.cpp">
      <Filter>Source Files\entity</Filter>
    </ClCompile>
    <ClCompile Include="entity\monstermaker.cpp">
      <Filter>Source Files\entity</Filter>
    </ClCompile>
    <ClCompile Include="entity\maprules.cpp">
      <Filter>Source Files\entity</Filter>
    </ClCompile>
    <ClCompile Include="entity\lights.cpp">
      <Filter>Source Files\entity</Filter>
    </ClCompile>
    <ClCompile Include="entity\leech.cpp">
      <Filter>Source Files\entity</Filter>
    </ClCompile>
    <ClCompile Include="entity\kingpin.cpp">
      <Filter>Source Files\entity</Filter>
    </ClCompile>
    <ClCompile Include="entity\kingpin_ball.cpp">
      <Filter>Source Files\entity</Filter>
    </ClCompile>
    <ClCompile Include="entity\items.cpp">
      <Filter>Source Files\entity</Filter>
    </ClCompile>
    <ClCompile Include="entity\islave.cpp">
      <Filter>Source Files\entity</Filter>
    </ClCompile>
    <ClCompile Include="entity\ichthyosaur.cpp">
      <Filter>Source Files\entity</Filter>
    </ClCompile>
    <ClCompile Include="entity\houndeye.cpp">
      <Filter>Source Files\entity</Filter>
    </ClCompile>
    <ClCompile Include="weapon\tripmine.cpp">
      <Filter>Source Files\weapon</Filter>
    </ClCompile>
    <ClCompile Include="weapon\squeak.cpp">
      <Filter>Source Files\weapon</Filter>
    </ClCompile>
    <ClCompile Include="weapon\shotgun.cpp">
      <Filter>Source Files\weapon</Filter>
    </ClCompile>
    <ClCompile Include="weapon\satchel.cpp">
      <Filter>Source Files\weapon</Filter>
    </ClCompile>
    <ClCompile Include="weapon\rpg.cpp">
      <Filter>Source Files\weapon</Filter>
    </ClCompile>
    <ClCompile Include="weapon\python.cpp">
      <Filter>Source Files\weapon</Filter>
    </ClCompile>
    <ClCompile Include="weapon\hornetgun.cpp">
      <Filter>Source Files\weapon</Filter>
    </ClCompile>
    <ClCompile Include="weapon\glock.cpp">
      <Filter>Source Files\weapon</Filter>
    </ClCompile>
    <ClCompile Include="weapon\gauss.cpp">
      <Filter>Source Files\weapon</Filter>
    </ClCompile>
    <ClCompile Include="weapon\egon.cpp">
      <Filter>Source Files\weapon</Filter>
    </ClCompile>
    <ClCompile Include="weapon\crossbow.cpp">
      <Filter>Source Files\weapon</Filter>
    </ClCompile>
    <ClCompile Include="weapon\crowbar.cpp">
      <Filter>Source Files\weapon</Filter>
    </ClCompile>
    <ClCompile Include="weapon\handgrenade.cpp">
      <Filter>Source Files\weapon</Filter>
    </ClCompile>
    <ClCompile Include="weapon\mp5.cpp">
      <Filter>Source Files\weapon</Filter>
    </ClCompile>
  </ItemGroup>
  <ItemGroup>
    <ClInclude Include="activity.h">
      <Filter>Header Files</Filter>
    </ClInclude>
    <ClInclude Include="activitymap.h">
      <Filter>Header Files</Filter>
    </ClInclude>
    <ClInclude Include="util_model.h">
      <Filter>Header Files</Filter>
    </ClInclude>
    <ClInclude Include="basemonster.h">
      <Filter>Header Files</Filter>
    </ClInclude>
    <ClInclude Include="cbase.h">
      <Filter>Header Files</Filter>
    </ClInclude>
    <ClInclude Include="cdll_dll.h">
      <Filter>Header Files</Filter>
    </ClInclude>
    <ClInclude Include="client.h">
      <Filter>Header Files</Filter>
    </ClInclude>
    <ClInclude Include="decals.h">
      <Filter>Header Files</Filter>
    </ClInclude>
    <ClInclude Include="defaultai.h">
      <Filter>Header Files</Filter>
    </ClInclude>
    <ClInclude Include="..\engine\eiface.h">
      <Filter>Header Files</Filter>
    </ClInclude>
    <ClInclude Include="enginecallback.h">
      <Filter>Header Files</Filter>
    </ClInclude>
    <ClInclude Include="extdll.h">
      <Filter>Header Files</Filter>
    </ClInclude>
    <ClInclude Include="gamerules.h">
      <Filter>Header Files</Filter>
    </ClInclude>
    <ClInclude Include="monsterevent.h">
      <Filter>Header Files</Filter>
    </ClInclude>
    <ClInclude Include="plane.h">
      <Filter>Header Files</Filter>
    </ClInclude>
    <ClInclude Include="..\pm_shared\pm_debug.h">
      <Filter>Header Files</Filter>
    </ClInclude>
    <ClInclude Include="..\pm_shared\pm_defs.h">
      <Filter>Header Files</Filter>
    </ClInclude>
    <ClInclude Include="..\pm_shared\pm_info.h">
      <Filter>Header Files</Filter>
    </ClInclude>
    <ClInclude Include="..\pm_shared\pm_materials.h">
      <Filter>Header Files</Filter>
    </ClInclude>
    <ClInclude Include="..\pm_shared\pm_movevars.h">
      <Filter>Header Files</Filter>
    </ClInclude>
    <ClInclude Include="..\pm_shared\pm_shared.h">
      <Filter>Header Files</Filter>
    </ClInclude>
    <ClInclude Include="saverestore.h">
      <Filter>Header Files</Filter>
    </ClInclude>
    <ClInclude Include="schedule.h">
      <Filter>Header Files</Filter>
    </ClInclude>
    <ClInclude Include="scriptevent.h">
      <Filter>Header Files</Filter>
    </ClInclude>
    <ClInclude Include="skill.h">
      <Filter>Header Files</Filter>
    </ClInclude>
    <ClInclude Include="util.h">
      <Filter>Header Files</Filter>
    </ClInclude>
    <ClInclude Include="weapons.h">
      <Filter>Header Files</Filter>
    </ClInclude>
    <ClInclude Include="..\game_shared\util\util_printout.h">
      <Filter>Header Files\Shared</Filter>
    </ClInclude>
    <ClInclude Include="..\game_shared\util\util_shared.h">
      <Filter>Header Files\Shared</Filter>
    </ClInclude>
    <ClInclude Include="game.h">
      <Filter>Header Files</Filter>
    </ClInclude>
    <ClInclude Include="client_message.h">
      <Filter>Header Files</Filter>
    </ClInclude>
    <ClInclude Include="healthmodule.h">
      <Filter>Header Files</Filter>
    </ClInclude>
    <ClInclude Include="..\game_shared\util\util_entity.h">
      <Filter>Header Files\Shared</Filter>
    </ClInclude>
    <ClInclude Include="util_debugdraw.h">
      <Filter>Header Files</Filter>
    </ClInclude>
    <ClInclude Include="..\pm_shared\pm_printout.h">
      <Filter>Header Files</Filter>
    </ClInclude>
    <ClInclude Include="..\game_shared\util\util_version.h">
      <Filter>Header Files\Shared</Filter>
    </ClInclude>
    <ClInclude Include="monstersavestate.h">
      <Filter>Header Files</Filter>
    </ClInclude>
    <ClInclude Include="gamerules_teamplay.h">
      <Filter>Header Files</Filter>
    </ClInclude>
    <ClInclude Include="entity\turret.h">
      <Filter>Header Files\entity</Filter>
    </ClInclude>
    <ClInclude Include="entity\trains.h">
      <Filter>Header Files\entity</Filter>
    </ClInclude>
    <ClInclude Include="entity\talkmonster.h">
      <Filter>Header Files\entity</Filter>
    </ClInclude>
    <ClInclude Include="entity\stukabat.h">
      <Filter>Header Files\entity</Filter>
    </ClInclude>
    <ClInclude Include="entity\squidspit.h">
      <Filter>Header Files\entity</Filter>
    </ClInclude>
    <ClInclude Include="entity\squadmonster.h">
      <Filter>Header Files\entity</Filter>
    </ClInclude>
    <ClInclude Include="entity\spectator.h">
      <Filter>Header Files\entity</Filter>
    </ClInclude>
    <ClInclude Include="entity\soundent.h">
      <Filter>Header Files\entity</Filter>
    </ClInclude>
    <ClInclude Include="entity\scripted.h">
      <Filter>Header Files\entity</Filter>
    </ClInclude>
    <ClInclude Include="entity\scientist.h">
      <Filter>Header Files\entity</Filter>
    </ClInclude>
    <ClInclude Include="entity\player.h">
      <Filter>Header Files\entity</Filter>
    </ClInclude>
    <ClInclude Include="entity\plats.h">
      <Filter>Header Files\entity</Filter>
    </ClInclude>
    <ClInclude Include="entity\pickupwalker.h">
      <Filter>Header Files\entity</Filter>
    </ClInclude>
    <ClInclude Include="entity\panthereye.h">
      <Filter>Header Files\entity</Filter>
    </ClInclude>
    <ClInclude Include="entity\nodes.h">
      <Filter>Header Files\entity</Filter>
    </ClInclude>
    <ClInclude Include="entity\maprules.h">
      <Filter>Header Files\entity</Filter>
    </ClInclude>
    <ClInclude Include="entity\lights.h">
      <Filter>Header Files\entity</Filter>
    </ClInclude>
    <ClInclude Include="entity\kingpin_ball.h">
      <Filter>Header Files\entity</Filter>
    </ClInclude>
    <ClInclude Include="entity\kingpin.h">
      <Filter>Header Files\entity</Filter>
    </ClInclude>
    <ClInclude Include="entity\items.h">
      <Filter>Header Files\entity</Filter>
    </ClInclude>
    <ClInclude Include="entity\hornet_kingpin.h">
      <Filter>Header Files\entity</Filter>
    </ClInclude>
    <ClInclude Include="entity\hornet.h">
      <Filter>Header Files\entity</Filter>
    </ClInclude>
    <ClInclude Include="entity\healthkit.h">
      <Filter>Header Files\entity</Filter>
    </ClInclude>
    <ClInclude Include="entity\hassault.h">
      <Filter>Header Files\entity</Filter>
    </ClInclude>
    <ClInclude Include="entity\gib.h">
      <Filter>Header Files\entity</Filter>
    </ClInclude>
    <ClInclude Include="entity\func_door_health.h">
      <Filter>Header Files\entity</Filter>
    </ClInclude>
    <ClInclude Include="entity\func_break.h">
      <Filter>Header Files\entity</Filter>
    </ClInclude>
    <ClInclude Include="entity\friendly.h">
      <Filter>Header Files\entity</Filter>
    </ClInclude>
    <ClInclude Include="entity\flyingmonster.h">
      <Filter>Header Files\entity</Filter>
    </ClInclude>
    <ClInclude Include="entity\floater.h">
      <Filter>Header Files\entity</Filter>
    </ClInclude>
    <ClInclude Include="entity\explode.h">
      <Filter>Header Files\entity</Filter>
    </ClInclude>
    <ClInclude Include="entity\effects.h">
      <Filter>Header Files\entity</Filter>
    </ClInclude>
    <ClInclude Include="entity\doors.h">
      <Filter>Header Files\entity</Filter>
    </ClInclude>
    <ClInclude Include="entity\controller_zap_ball.h">
      <Filter>Header Files\entity</Filter>
    </ClInclude>
    <ClInclude Include="entity\controller_head_ball.h">
      <Filter>Header Files\entity</Filter>
    </ClInclude>
    <ClInclude Include="entity\chumtoad.h">
      <Filter>Header Files\entity</Filter>
    </ClInclude>
    <ClInclude Include="entity\basetoggle.h">
      <Filter>Header Files\entity</Filter>
    </ClInclude>
    <ClInclude Include="entity\basebutton.h">
      <Filter>Header Files\entity</Filter>
    </ClInclude>
    <ClInclude Include="entity\barney.h">
      <Filter>Header Files\entity</Filter>
    </ClInclude>
    <ClInclude Include="entity\barnacle.h">
      <Filter>Header Files\entity</Filter>
    </ClInclude>
    <ClInclude Include="entity\archer_ball.h">
      <Filter>Header Files\entity</Filter>
    </ClInclude>
    <ClInclude Include="entity\archer.h">
      <Filter>Header Files\entity</Filter>
    </ClInclude>
    <ClInclude Include="entity\animating.h">
      <Filter>Header Files\entity</Filter>
    </ClInclude>
    <ClInclude Include="weapon\chumtoadweapon.h">
      <Filter>Header Files\weapon</Filter>
    </ClInclude>
    <ClInclude Include="weapon\egon.h">
      <Filter>Header Files\weapon</Filter>
    </ClInclude>
    <ClInclude Include="weapon\gauss.h">
      <Filter>Header Files\weapon</Filter>
    </ClInclude>
    <ClInclude Include="weapon\crossbow.h">
      <Filter>Header Files\weapon</Filter>
    </ClInclude>
    <ClInclude Include="weapon\crowbar.h">
      <Filter>Header Files\weapon</Filter>
    </ClInclude>
    <ClInclude Include="weapon\glock.h">
      <Filter>Header Files\weapon</Filter>
    </ClInclude>
    <ClInclude Include="weapon\handgrenade.h">
      <Filter>Header Files\weapon</Filter>
    </ClInclude>
    <ClInclude Include="weapon\hornetgun.h">
      <Filter>Header Files\weapon</Filter>
    </ClInclude>
    <ClInclude Include="weapon\mp5.h">
      <Filter>Header Files\weapon</Filter>
    </ClInclude>
    <ClInclude Include="weapon\python.h">
      <Filter>Header Files\weapon</Filter>
    </ClInclude>
    <ClInclude Include="weapon\rpg.h">
      <Filter>Header Files\weapon</Filter>
    </ClInclude>
    <ClInclude Include="weapon\satchel.h">
      <Filter>Header Files\weapon</Filter>
    </ClInclude>
    <ClInclude Include="weapon\shotgun.h">
      <Filter>Header Files\weapon</Filter>
    </ClInclude>
    <ClInclude Include="weapon\squeak.h">
      <Filter>Header Files\weapon</Filter>
    </ClInclude>
    <ClInclude Include="weapon\tripmine.h">
      <Filter>Header Files\weapon</Filter>
    </ClInclude>
    <ClInclude Include="..\build_settings.h">
      <Filter>Header Files\_root</Filter>
    </ClInclude>
    <ClInclude Include="..\external_lib_include.h">
      <Filter>Header Files\_root</Filter>
    </ClInclude>
    <ClInclude Include="..\ignore_warning_list.h">
      <Filter>Header Files\_root</Filter>
    </ClInclude>
    <ClInclude Include="..\version.h">
      <Filter>Header Files\_root</Filter>
    </ClInclude>
    <ClInclude Include="..\common\vector.h">
      <Filter>Header Files\common</Filter>
    </ClInclude>
  </ItemGroup>
</Project>